
Microsoft Visual Studio Solution File, Format Version 12.00
# Visual Studio Version 17
VisualStudioVersion = 17.11.35312.102
MinimumVisualStudioVersion = 10.0.40219.1
Project("{FAE04EC0-301F-11D3-BF4B-00C04F79EFBC}") = "Mastermind_2_PE_1PROA", "Mastermind_2_PE_1PROA\Mastermind_2_PE_1PROA.csproj", "{D8E9E0CB-7333-475B-AC9A-3C45EEFDD293}"
EndProject
Global
	GlobalSection(SolutionConfigurationPlatforms) = preSolution
		Debug|Any CPU = Debug|Any CPU
		Release|Any CPU = Release|Any CPU
	EndGlobalSection
	GlobalSection(ProjectConfigurationPlatforms) = postSolution
		{D8E9E0CB-7333-475B-AC9A-3C45EEFDD293}.Debug|Any CPU.ActiveCfg = Debug|Any CPU
		{D8E9E0CB-7333-475B-AC9A-3C45EEFDD293}.Debug|Any CPU.Build.0 = Debug|Any CPU
		{D8E9E0CB-7333-475B-AC9A-3C45EEFDD293}.Release|Any CPU.ActiveCfg = Release|Any CPU
		{D8E9E0CB-7333-475B-AC9A-3C45EEFDD293}.Release|Any CPU.Build.0 = Release|Any CPU
	EndGlobalSection
	GlobalSection(SolutionProperties) = preSolution
		HideSolutionNode = FALSE
	EndGlobalSection
	GlobalSection(ExtensibilityGlobals) = postSolution
		SolutionGuid = {44AB8525-9755-48E9-9869-4FF2DAE3A97D}
	EndGlobalSection
EndGlobal
